
Microsoft Visual Studio Solution File, Format Version 11.00
# Visual Studio 2010
Project("{FAE04EC0-301F-11D3-BF4B-00C04F79EFBC}") = "projectGen2", "Assembly-CSharp.csproj", "{F63C3843-FD67-58B9-92B5-3D515DFDA36F}"
EndProject
Project("{FAE04EC0-301F-11D3-BF4B-00C04F79EFBC}") = "projectGen2", "Assembly-CSharp-Editor.csproj", "{63F0A5B8-4FBB-3443-DAE3-F3F87F5FF0B1}"
EndProject
Global
	GlobalSection(SolutionConfigurationPlatforms) = preSolution
		Debug|Any CPU = Debug|Any CPU
		Release|Any CPU = Release|Any CPU
	EndGlobalSection
	GlobalSection(ProjectConfigurationPlatforms) = postSolution
		{F63C3843-FD67-58B9-92B5-3D515DFDA36F}.Debug|Any CPU.ActiveCfg = Debug|Any CPU
		{F63C3843-FD67-58B9-92B5-3D515DFDA36F}.Debug|Any CPU.Build.0 = Debug|Any CPU
		{F63C3843-FD67-58B9-92B5-3D515DFDA36F}.Release|Any CPU.ActiveCfg = Release|Any CPU
		{F63C3843-FD67-58B9-92B5-3D515DFDA36F}.Release|Any CPU.Build.0 = Release|Any CPU
		{63F0A5B8-4FBB-3443-DAE3-F3F87F5FF0B1}.Debug|Any CPU.ActiveCfg = Debug|Any CPU
		{63F0A5B8-4FBB-3443-DAE3-F3F87F5FF0B1}.Debug|Any CPU.Build.0 = Debug|Any CPU
		{63F0A5B8-4FBB-3443-DAE3-F3F87F5FF0B1}.Release|Any CPU.ActiveCfg = Release|Any CPU
		{63F0A5B8-4FBB-3443-DAE3-F3F87F5FF0B1}.Release|Any CPU.Build.0 = Release|Any CPU
	EndGlobalSection
	GlobalSection(SolutionProperties) = preSolution
		HideSolutionNode = FALSE
	EndGlobalSection
	GlobalSection(MonoDevelopProperties) = preSolution
		StartupItem = Assembly-CSharp.csproj
	EndGlobalSection
EndGlobal
